// !$*UTF8*$!
{
	archiveVersion = 1;
	classes = {
	};
	objectVersion = 56;
	objects = {

/* Begin PBXBuildFile section */
		AA6CDCE7297C8C8F00781763 /* AppDelegate.swift in Sources */ = {isa = PBXBuildFile; fileRef = AA6CDCE6297C8C8F00781763 /* AppDelegate.swift */; };
		AA6CDCE9297C8C8F00781763 /* SceneDelegate.swift in Sources */ = {isa = PBXBuildFile; fileRef = AA6CDCE8297C8C8F00781763 /* SceneDelegate.swift */; };
		AA6CDCEE297C8C8F00781763 /* Main.storyboard in Resources */ = {isa = PBXBuildFile; fileRef = AA6CDCEC297C8C8F00781763 /* Main.storyboard */; };
		AA6CDCF1297C8C8F00781763 /* Todoey.xcdatamodeld in Sources */ = {isa = PBXBuildFile; fileRef = AA6CDCEF297C8C8F00781763 /* Todoey.xcdatamodeld */; };
		AA6CDCF3297C8C9100781763 /* Assets.xcassets in Resources */ = {isa = PBXBuildFile; fileRef = AA6CDCF2297C8C9100781763 /* Assets.xcassets */; };
		AA6CDCF6297C8C9100781763 /* LaunchScreen.storyboard in Resources */ = {isa = PBXBuildFile; fileRef = AA6CDCF4297C8C9100781763 /* LaunchScreen.storyboard */; };
		AA6CDD01297C8EBC00781763 /* ToDoListViewController.swift in Sources */ = {isa = PBXBuildFile; fileRef = AA6CDD00297C8EBC00781763 /* ToDoListViewController.swift */; };
		AA6CDD03297C921600781763 /* TestTableViewController.swift in Sources */ = {isa = PBXBuildFile; fileRef = AA6CDD02297C921600781763 /* TestTableViewController.swift */; };
		AA6CDD05297E017600781763 /* ToDoListItem.swift in Sources */ = {isa = PBXBuildFile; fileRef = AA6CDD04297E017600781763 /* ToDoListItem.swift */; };
		AA6CDD07297E020B00781763 /* ToDoList.swift in Sources */ = {isa = PBXBuildFile; fileRef = AA6CDD06297E020B00781763 /* ToDoList.swift */; };
/* End PBXBuildFile section */

/* Begin PBXFileReference section */
		AA6CDCE3297C8C8F00781763 /* Todoey.app */ = {isa = PBXFileReference; explicitFileType = wrapper.application; includeInIndex = 0; path = Todoey.app; sourceTree = BUILT_PRODUCTS_DIR; };
		AA6CDCE6297C8C8F00781763 /* AppDelegate.swift */ = {isa = PBXFileReference; lastKnownFileType = sourcecode.swift; path = AppDelegate.swift; sourceTree = "<group>"; };
		AA6CDCE8297C8C8F00781763 /* SceneDelegate.swift */ = {isa = PBXFileReference; lastKnownFileType = sourcecode.swift; path = SceneDelegate.swift; sourceTree = "<group>"; };
		AA6CDCED297C8C8F00781763 /* Base */ = {isa = PBXFileReference; lastKnownFileType = file.storyboard; name = Base; path = Base.lproj/Main.storyboard; sourceTree = "<group>"; };
		AA6CDCF0297C8C8F00781763 /* Todoey.xcdatamodel */ = {isa = PBXFileReference; lastKnownFileType = wrapper.xcdatamodel; path = Todoey.xcdatamodel; sourceTree = "<group>"; };
		AA6CDCF2297C8C9100781763 /* Assets.xcassets */ = {isa = PBXFileReference; lastKnownFileType = folder.assetcatalog; path = Assets.xcassets; sourceTree = "<group>"; };
		AA6CDCF5297C8C9100781763 /* Base */ = {isa = PBXFileReference; lastKnownFileType = file.storyboard; name = Base; path = Base.lproj/LaunchScreen.storyboard; sourceTree = "<group>"; };
		AA6CDCF7297C8C9100781763 /* Info.plist */ = {isa = PBXFileReference; lastKnownFileType = text.plist.xml; path = Info.plist; sourceTree = "<group>"; };
		AA6CDD00297C8EBC00781763 /* ToDoListViewController.swift */ = {isa = PBXFileReference; fileEncoding = 4; lastKnownFileType = sourcecode.swift; path = ToDoListViewController.swift; sourceTree = "<group>"; };
		AA6CDD02297C921600781763 /* TestTableViewController.swift */ = {isa = PBXFileReference; lastKnownFileType = sourcecode.swift; path = TestTableViewController.swift; sourceTree = "<group>"; };
		AA6CDD04297E017600781763 /* ToDoListItem.swift */ = {isa = PBXFileReference; lastKnownFileType = sourcecode.swift; path = ToDoListItem.swift; sourceTree = "<group>"; };
		AA6CDD06297E020B00781763 /* ToDoList.swift */ = {isa = PBXFileReference; lastKnownFileType = sourcecode.swift; path = ToDoList.swift; sourceTree = "<group>"; };
/* End PBXFileReference section */

/* Begin PBXFrameworksBuildPhase section */
		AA6CDCE0297C8C8F00781763 /* Frameworks */ = {
			isa = PBXFrameworksBuildPhase;
			buildActionMask = 2147483647;
			files = (
			);
			runOnlyForDeploymentPostprocessing = 0;
		};
/* End PBXFrameworksBuildPhase section */

/* Begin PBXGroup section */
		AA6CDCDA297C8C8F00781763 = {
			isa = PBXGroup;
			children = (
				AA6CDCE5297C8C8F00781763 /* Todoey */,
				AA6CDCE4297C8C8F00781763 /* Products */,
			);
			sourceTree = "<group>";
		};
		AA6CDCE4297C8C8F00781763 /* Products */ = {
			isa = PBXGroup;
			children = (
				AA6CDCE3297C8C8F00781763 /* Todoey.app */,
			);
			name = Products;
			sourceTree = "<group>";
		};
		AA6CDCE5297C8C8F00781763 /* Todoey */ = {
			isa = PBXGroup;
			children = (
				AA6CDCE6297C8C8F00781763 /* AppDelegate.swift */,
				AA6CDCE8297C8C8F00781763 /* SceneDelegate.swift */,
				AA6CDCFF297C8D9E00781763 /* Models */,
				AA6CDCFD297C8D0F00781763 /* Views */,
				AA6CDCFE297C8D1E00781763 /* Controllers */,
				AA6CDCF2297C8C9100781763 /* Assets.xcassets */,
				AA6CDCF4297C8C9100781763 /* LaunchScreen.storyboard */,
				AA6CDCF7297C8C9100781763 /* Info.plist */,
			);
			path = Todoey;
			sourceTree = "<group>";
		};
		AA6CDCFD297C8D0F00781763 /* Views */ = {
			isa = PBXGroup;
			children = (
				AA6CDCEC297C8C8F00781763 /* Main.storyboard */,
			);
			path = Views;
			sourceTree = "<group>";
		};
		AA6CDCFE297C8D1E00781763 /* Controllers */ = {
			isa = PBXGroup;
			children = (
				AA6CDD00297C8EBC00781763 /* ToDoListViewController.swift */,
				AA6CDD02297C921600781763 /* TestTableViewController.swift */,
			);
			path = Controllers;
			sourceTree = "<group>";
		};
		AA6CDCFF297C8D9E00781763 /* Models */ = {
			isa = PBXGroup;
			children = (
				AA6CDCEF297C8C8F00781763 /* Todoey.xcdatamodeld */,
				AA6CDD04297E017600781763 /* ToDoListItem.swift */,
				AA6CDD06297E020B00781763 /* ToDoList.swift */,
			);
			path = Models;
			sourceTree = "<group>";
		};
/* End PBXGroup section */

/* Begin PBXNativeTarget section */
		AA6CDCE2297C8C8F00781763 /* Todoey */ = {
			isa = PBXNativeTarget;
			buildConfigurationList = AA6CDCFA297C8C9100781763 /* Build configuration list for PBXNativeTarget "Todoey" */;
			buildPhases = (
				AA6CDCDF297C8C8F00781763 /* Sources */,
				AA6CDCE0297C8C8F00781763 /* Frameworks */,
				AA6CDCE1297C8C8F00781763 /* Resources */,
			);
			buildRules = (
			);
			dependencies = (
			);
			name = Todoey;
			productName = Todoey;
			productReference = AA6CDCE3297C8C8F00781763 /* Todoey.app */;
			productType = "com.apple.product-type.application";
		};
/* End PBXNativeTarget section */

/* Begin PBXProject section */
		AA6CDCDB297C8C8F00781763 /* Project object */ = {
			isa = PBXProject;
			attributes = {
				BuildIndependentTargetsInParallel = 1;
				LastSwiftUpdateCheck = 1420;
				LastUpgradeCheck = 1420;
				TargetAttributes = {
					AA6CDCE2297C8C8F00781763 = {
						CreatedOnToolsVersion = 14.2;
					};
				};
			};
			buildConfigurationList = AA6CDCDE297C8C8F00781763 /* Build configuration list for PBXProject "Todoey" */;
			compatibilityVersion = "Xcode 14.0";
			developmentRegion = en;
			hasScannedForEncodings = 0;
			knownRegions = (
				en,
				Base,
			);
			mainGroup = AA6CDCDA297C8C8F00781763;
			productRefGroup = AA6CDCE4297C8C8F00781763 /* Products */;
			projectDirPath = "";
			projectRoot = "";
			targets = (
				AA6CDCE2297C8C8F00781763 /* Todoey */,
			);
		};
/* End PBXProject section */

/* Begin PBXResourcesBuildPhase section */
		AA6CDCE1297C8C8F00781763 /* Resources */ = {
			isa = PBXResourcesBuildPhase;
			buildActionMask = 2147483647;
			files = (
				AA6CDCF6297C8C9100781763 /* LaunchScreen.storyboard in Resources */,
				AA6CDCF3297C8C9100781763 /* Assets.xcassets in Resources */,
				AA6CDCEE297C8C8F00781763 /* Main.storyboard in Resources */,
			);
			runOnlyForDeploymentPostprocessing = 0;
		};
/* End PBXResourcesBuildPhase section */

/* Begin PBXSourcesBuildPhase section */
		AA6CDCDF297C8C8F00781763 /* Sources */ = {
			isa = PBXSourcesBuildPhase;
			buildActionMask = 2147483647;
			files = (
				AA6CDD01297C8EBC00781763 /* ToDoListViewController.swift in Sources */,
				AA6CDD03297C921600781763 /* TestTableViewController.swift in Sources */,
				AA6CDD05297E017600781763 /* ToDoListItem.swift in Sources */,
				AA6CDD07297E020B00781763 /* ToDoList.swift in Sources */,
				AA6CDCE7297C8C8F00781763 /* AppDelegate.swift in Sources */,
				AA6CDCE9297C8C8F00781763 /* SceneDelegate.swift in Sources */,
				AA6CDCF1297C8C8F00781763 /* Todoey.xcdatamodeld in Sources */,
			);
			runOnlyForDeploymentPostprocessing = 0;
		};
/* End PBXSourcesBuildPhase section */

/* Begin PBXVariantGroup section */
		AA6CDCEC297C8C8F00781763 /* Main.storyboard */ = {
			isa = PBXVariantGroup;
			children = (
				AA6CDCED297C8C8F00781763 /* Base */,
			);
			name = Main.storyboard;
			sourceTree = "<group>";
		};
		AA6CDCF4297C8C9100781763 /* LaunchScreen.storyboard */ = {
			isa = PBXVariantGroup;
			children = (
				AA6CDCF5297C8C9100781763 /* Base */,
			);
			name = LaunchScreen.storyboard;
			sourceTree = "<group>";
		};
/* End PBXVariantGroup section */

/* Begin XCBuildConfiguration section */
		AA6CDCF8297C8C9100781763 /* Debug */ = {
			isa = XCBuildConfiguration;
			buildSettings = {
				ALWAYS_SEARCH_USER_PATHS = NO;
				CLANG_ANALYZER_NONNULL = YES;
				CLANG_ANALYZER_NUMBER_OBJECT_CONVERSION = YES_AGGRESSIVE;
				CLANG_CXX_LANGUAGE_STANDARD = "gnu++20";
				CLANG_ENABLE_MODULES = YES;
				CLANG_ENABLE_OBJC_ARC = YES;
				CLANG_ENABLE_OBJC_WEAK = YES;
				CLANG_WARN_BLOCK_CAPTURE_AUTORELEASING = YES;
				CLANG_WARN_BOOL_CONVERSION = YES;
				CLANG_WARN_COMMA = YES;
				CLANG_WARN_CONSTANT_CONVERSION = YES;
				CLANG_WARN_DEPRECATED_OBJC_IMPLEMENTATIONS = YES;
				CLANG_WARN_DIRECT_OBJC_ISA_USAGE = YES_ERROR;
				CLANG_WARN_DOCUMENTATION_COMMENTS = YES;
				CLANG_WARN_EMPTY_BODY = YES;
				CLANG_WARN_ENUM_CONVERSION = YES;
				CLANG_WARN_INFINITE_RECURSION = YES;
				CLANG_WARN_INT_CONVERSION = YES;
				CLANG_WARN_NON_LITERAL_NULL_CONVERSION = YES;
				CLANG_WARN_OBJC_IMPLICIT_RETAIN_SELF = YES;
				CLANG_WARN_OBJC_LITERAL_CONVERSION = YES;
				CLANG_WARN_OBJC_ROOT_CLASS = YES_ERROR;
				CLANG_WARN_QUOTED_INCLUDE_IN_FRAMEWORK_HEADER = YES;
				CLANG_WARN_RANGE_LOOP_ANALYSIS = YES;
				CLANG_WARN_STRICT_PROTOTYPES = YES;
				CLANG_WARN_SUSPICIOUS_MOVE = YES;
				CLANG_WARN_UNGUARDED_AVAILABILITY = YES_AGGRESSIVE;
				CLANG_WARN_UNREACHABLE_CODE = YES;
				CLANG_WARN__DUPLICATE_METHOD_MATCH = YES;
				COPY_PHASE_STRIP = NO;
				DEBUG_INFORMATION_FORMAT = dwarf;
				ENABLE_STRICT_OBJC_MSGSEND = YES;
				ENABLE_TESTABILITY = YES;
				GCC_C_LANGUAGE_STANDARD = gnu11;
				GCC_DYNAMIC_NO_PIC = NO;
				GCC_NO_COMMON_BLOCKS = YES;
				GCC_OPTIMIZATION_LEVEL = 0;
				GCC_PREPROCESSOR_DEFINITIONS = (
					"DEBUG=1",
					"$(inherited)",
				);
				GCC_WARN_64_TO_32_BIT_CONVERSION = YES;
				GCC_WARN_ABOUT_RETURN_TYPE = YES_ERROR;
				GCC_WARN_UNDECLARED_SELECTOR = YES;
				GCC_WARN_UNINITIALIZED_AUTOS = YES_AGGRESSIVE;
				GCC_WARN_UNUSED_FUNCTION = YES;
				GCC_WARN_UNUSED_VARIABLE = YES;
				IPHONEOS_DEPLOYMENT_TARGET = 16.2;
				MTL_ENABLE_DEBUG_INFO = INCLUDE_SOURCE;
				MTL_FAST_MATH = YES;
				ONLY_ACTIVE_ARCH = YES;
				SDKROOT = iphoneos;
				SWIFT_ACTIVE_COMPILATION_CONDITIONS = DEBUG;
				SWIFT_OPTIMIZATION_LEVEL = "-Onone";
			};
			name = Debug;
		};
		AA6CDCF9297C8C9100781763 /* Release */ = {
			isa = XCBuildConfiguration;
			buildSettings = {
				ALWAYS_SEARCH_USER_PATHS = NO;
				CLANG_ANALYZER_NONNULL = YES;
				CLANG_ANALYZER_NUMBER_OBJECT_CONVERSION = YES_AGGRESSIVE;
				CLANG_CXX_LANGUAGE_STANDARD = "gnu++20";
				CLANG_ENABLE_MODULES = YES;
				CLANG_ENABLE_OBJC_ARC = YES;
				CLANG_ENABLE_OBJC_WEAK = YES;
				CLANG_WARN_BLOCK_CAPTURE_AUTORELEASING = YES;
				CLANG_WARN_BOOL_CONVERSION = YES;
				CLANG_WARN_COMMA = YES;
				CLANG_WARN_CONSTANT_CONVERSION = YES;
				CLANG_WARN_DEPRECATED_OBJC_IMPLEMENTATIONS = YES;
				CLANG_WARN_DIRECT_OBJC_ISA_USAGE = YES_ERROR;
				CLANG_WARN_DOCUMENTATION_COMMENTS = YES;
				CLANG_WARN_EMPTY_BODY = YES;
				CLANG_WARN_ENUM_CONVERSION = YES;
				CLANG_WARN_INFINITE_RECURSION = YES;
				CLANG_WARN_INT_CONVERSION = YES;
				CLANG_WARN_NON_LITERAL_NULL_CONVERSION = YES;
				CLANG_WARN_OBJC_IMPLICIT_RETAIN_SELF = YES;
				CLANG_WARN_OBJC_LITERAL_CONVERSION = YES;
				CLANG_WARN_OBJC_ROOT_CLASS = YES_ERROR;
				CLANG_WARN_QUOTED_INCLUDE_IN_FRAMEWORK_HEADER = YES;
				CLANG_WARN_RANGE_LOOP_ANALYSIS = YES;
				CLANG_WARN_STRICT_PROTOTYPES = YES;
				CLANG_WARN_SUSPICIOUS_MOVE = YES;
				CLANG_WARN_UNGUARDED_AVAILABILITY = YES_AGGRESSIVE;
				CLANG_WARN_UNREACHABLE_CODE = YES;
				CLANG_WARN__DUPLICATE_METHOD_MATCH = YES;
				COPY_PHASE_STRIP = NO;
				DEBUG_INFORMATION_FORMAT = "dwarf-with-dsym";
				ENABLE_NS_ASSERTIONS = NO;
				ENABLE_STRICT_OBJC_MSGSEND = YES;
				GCC_C_LANGUAGE_STANDARD = gnu11;
				GCC_NO_COMMON_BLOCKS = YES;
				GCC_WARN_64_TO_32_BIT_CONVERSION = YES;
				GCC_WARN_ABOUT_RETURN_TYPE = YES_ERROR;
				GCC_WARN_UNDECLARED_SELECTOR = YES;
				GCC_WARN_UNINITIALIZED_AUTOS = YES_AGGRESSIVE;
				GCC_WARN_UNUSED_FUNCTION = YES;
				GCC_WARN_UNUSED_VARIABLE = YES;
				IPHONEOS_DEPLOYMENT_TARGET = 16.2;
				MTL_ENABLE_DEBUG_INFO = NO;
				MTL_FAST_MATH = YES;
				SDKROOT = iphoneos;
				SWIFT_COMPILATION_MODE = wholemodule;
				SWIFT_OPTIMIZATION_LEVEL = "-O";
				VALIDATE_PRODUCT = YES;
			};
			name = Release;
		};
		AA6CDCFB297C8C9100781763 /* Debug */ = {
			isa = XCBuildConfiguration;
			buildSettings = {
				ASSETCATALOG_COMPILER_APPICON_NAME = AppIcon;
				ASSETCATALOG_COMPILER_GLOBAL_ACCENT_COLOR_NAME = AccentColor;
				CODE_SIGN_STYLE = Automatic;
				CURRENT_PROJECT_VERSION = 1;
				GENERATE_INFOPLIST_FILE = YES;
				INFOPLIST_FILE = Todoey/Info.plist;
				INFOPLIST_KEY_UIApplicationSupportsIndirectInputEvents = YES;
				INFOPLIST_KEY_UILaunchStoryboardName = LaunchScreen;
				INFOPLIST_KEY_UIMainStoryboardFile = Main;
				INFOPLIST_KEY_UISupportedInterfaceOrientations_iPad = "UIInterfaceOrientationPortrait UIInterfaceOrientationPortraitUpsideDown UIInterfaceOrientationLandscapeLeft UIInterfaceOrientationLandscapeRight";
				INFOPLIST_KEY_UISupportedInterfaceOrientations_iPhone = "UIInterfaceOrientationPortrait UIInterfaceOrientationLandscapeLeft UIInterfaceOrientationLandscapeRight";
				IPHONEOS_DEPLOYMENT_TARGET = 16.0;
				LD_RUNPATH_SEARCH_PATHS = (
					"$(inherited)",
					"@executable_path/Frameworks",
				);
				MARKETING_VERSION = 1.0;
				PRODUCT_BUNDLE_IDENTIFIER = com.sankris.Todoey;
				PRODUCT_NAME = "$(TARGET_NAME)";
				SWIFT_EMIT_LOC_STRINGS = YES;
				SWIFT_VERSION = 5.0;
				TARGETED_DEVICE_FAMILY = "1,2";
			};
			name = Debug;
		};
		AA6CDCFC297C8C9100781763 /* Release */ = {
			isa = XCBuildConfiguration;
			buildSettings = {
				ASSETCATALOG_COMPILER_APPICON_NAME = AppIcon;
				ASSETCATALOG_COMPILER_GLOBAL_ACCENT_COLOR_NAME = AccentColor;
				CODE_SIGN_STYLE = Automatic;
				CURRENT_PROJECT_VERSION = 1;
				GENERATE_INFOPLIST_FILE = YES;
				INFOPLIST_FILE = Todoey/Info.plist;
				INFOPLIST_KEY_UIApplicationSupportsIndirectInputEvents = YES;
				INFOPLIST_KEY_UILaunchStoryboardName = LaunchScreen;
				INFOPLIST_KEY_UIMainStoryboardFile = Main;
				INFOPLIST_KEY_UISupportedInterfaceOrientations_iPad = "UIInterfaceOrientationPortrait UIInterfaceOrientationPortraitUpsideDown UIInterfaceOrientationLandscapeLeft UIInterfaceOrientationLandscapeRight";
				INFOPLIST_KEY_UISupportedInterfaceOrientations_iPhone = "UIInterfaceOrientationPortrait UIInterfaceOrientationLandscapeLeft UIInterfaceOrientationLandscapeRight";
				IPHONEOS_DEPLOYMENT_TARGET = 16.0;
				LD_RUNPATH_SEARCH_PATHS = (
					"$(inherited)",
					"@executable_path/Frameworks",
				);
				MARKETING_VERSION = 1.0;
				PRODUCT_BUNDLE_IDENTIFIER = com.sankris.Todoey;
				PRODUCT_NAME = "$(TARGET_NAME)";
				SWIFT_EMIT_LOC_STRINGS = YES;
				SWIFT_VERSION = 5.0;
				TARGETED_DEVICE_FAMILY = "1,2";
			};
			name = Release;
		};
/* End XCBuildConfiguration section */

/* Begin XCConfigurationList section */
		AA6CDCDE297C8C8F00781763 /* Build configuration list for PBXProject "Todoey" */ = {
			isa = XCConfigurationList;
			buildConfigurations = (
				AA6CDCF8297C8C9100781763 /* Debug */,
				AA6CDCF9297C8C9100781763 /* Release */,
			);
			defaultConfigurationIsVisible = 0;
			defaultConfigurationName = Release;
		};
		AA6CDCFA297C8C9100781763 /* Build configuration list for PBXNativeTarget "Todoey" */ = {
			isa = XCConfigurationList;
			buildConfigurations = (
				AA6CDCFB297C8C9100781763 /* Debug */,
				AA6CDCFC297C8C9100781763 /* Release */,
			);
			defaultConfigurationIsVisible = 0;
			defaultConfigurationName = Release;
		};
/* End XCConfigurationList section */

/* Begin XCVersionGroup section */
		AA6CDCEF297C8C8F00781763 /* Todoey.xcdatamodeld */ = {
			isa = XCVersionGroup;
			children = (
				AA6CDCF0297C8C8F00781763 /* Todoey.xcdatamodel */,
			);
			currentVersion = AA6CDCF0297C8C8F00781763 /* Todoey.xcdatamodel */;
			path = Todoey.xcdatamodeld;
			sourceTree = "<group>";
			versionGroupType = wrapper.xcdatamodel;
		};
/* End XCVersionGroup section */
	};
	rootObject = AA6CDCDB297C8C8F00781763 /* Project object */;
}
